
Microsoft Visual Studio Solution File, Format Version 12.00
# Visual Studio Version 16
VisualStudioVersion = 16.0.29311.281
MinimumVisualStudioVersion = 10.0.40219.1
Project("{9A19103F-16F7-4668-BE54-9A1E7A4F7556}") = "BlazorAppDemo", "BlazorAppDemo\BlazorAppDemo.csproj", "{59FA2C5B-0A3F-400C-BEDC-C3E856A25269}"
EndProject
Project("{FAE04EC0-301F-11D3-BF4B-00C04F79EFBC}") = "Demo", "Demo\Demo.csproj", "{70A5C1BA-C662-485A-9F1A-EE4115DC9BE2}"
EndProject
Global
	GlobalSection(SolutionConfigurationPlatforms) = preSolution
		Debug|Any CPU = Debug|Any CPU
		Release|Any CPU = Release|Any CPU
	EndGlobalSection
	GlobalSection(ProjectConfigurationPlatforms) = postSolution
		{59FA2C5B-0A3F-400C-BEDC-C3E856A25269}.Debug|Any CPU.ActiveCfg = Debug|Any CPU
		{59FA2C5B-0A3F-400C-BEDC-C3E856A25269}.Debug|Any CPU.Build.0 = Debug|Any CPU
		{59FA2C5B-0A3F-400C-BEDC-C3E856A25269}.Release|Any CPU.ActiveCfg = Release|Any CPU
		{59FA2C5B-0A3F-400C-BEDC-C3E856A25269}.Release|Any CPU.Build.0 = Release|Any CPU
		{70A5C1BA-C662-485A-9F1A-EE4115DC9BE2}.Debug|Any CPU.ActiveCfg = Debug|Any CPU
		{70A5C1BA-C662-485A-9F1A-EE4115DC9BE2}.Debug|Any CPU.Build.0 = Debug|Any CPU
		{70A5C1BA-C662-485A-9F1A-EE4115DC9BE2}.Release|Any CPU.ActiveCfg = Release|Any CPU
		{70A5C1BA-C662-485A-9F1A-EE4115DC9BE2}.Release|Any CPU.Build.0 = Release|Any CPU
	EndGlobalSection
	GlobalSection(SolutionProperties) = preSolution
		HideSolutionNode = FALSE
	EndGlobalSection
	GlobalSection(ExtensibilityGlobals) = postSolution
		SolutionGuid = {B6F1E2EE-DAB9-4924-B803-6053D917DA11}
	EndGlobalSection
EndGlobal
